
Microsoft Visual Studio Solution File, Format Version 12.00
# Visual Studio Version 16
VisualStudioVersion = 16.0.30204.135
MinimumVisualStudioVersion = 10.0.40219.1
Project("{FAE04EC0-301F-11D3-BF4B-00C04F79EFBC}") = "WindowsFormsAppConvertion", "WindowsFormsAppConvertion.csproj", "{4E46E9B0-78AA-427A-BABE-79E4C76BE29D}"
EndProject
Global
	GlobalSection(SolutionConfigurationPlatforms) = preSolution
		Debug|Any CPU = Debug|Any CPU
		Release|Any CPU = Release|Any CPU
	EndGlobalSection
	GlobalSection(ProjectConfigurationPlatforms) = postSolution
		{4E46E9B0-78AA-427A-BABE-79E4C76BE29D}.Debug|Any CPU.ActiveCfg = Debug|Any CPU
		{4E46E9B0-78AA-427A-BABE-79E4C76BE29D}.Debug|Any CPU.Build.0 = Debug|Any CPU
		{4E46E9B0-78AA-427A-BABE-79E4C76BE29D}.Release|Any CPU.ActiveCfg = Release|Any CPU
		{4E46E9B0-78AA-427A-BABE-79E4C76BE29D}.Release|Any CPU.Build.0 = Release|Any CPU
	EndGlobalSection
	GlobalSection(SolutionProperties) = preSolution
		HideSolutionNode = FALSE
	EndGlobalSection
	GlobalSection(ExtensibilityGlobals) = postSolution
		SolutionGuid = {2D647FDB-C3DE-49D5-AE7E-E888A348CF61}
	EndGlobalSection
EndGlobal
